
Microsoft Visual Studio Solution File, Format Version 12.00
# Visual Studio Version 17
VisualStudioVersion = 17.1.32319.34
MinimumVisualStudioVersion = 10.0.40219.1
Project("{FAE04EC0-301F-11D3-BF4B-00C04F79EFBC}") = "CSharp Shop", "CSharp Shop\CSharp Shop.csproj", "{FBB91B6E-9669-405F-821E-1ABE0E50BC7F}"
EndProject
Global
	GlobalSection(SolutionConfigurationPlatforms) = preSolution
		Debug|Any CPU = Debug|Any CPU
		Release|Any CPU = Release|Any CPU
	EndGlobalSection
	GlobalSection(ProjectConfigurationPlatforms) = postSolution
		{FBB91B6E-9669-405F-821E-1ABE0E50BC7F}.Debug|Any CPU.ActiveCfg = Debug|Any CPU
		{FBB91B6E-9669-405F-821E-1ABE0E50BC7F}.Debug|Any CPU.Build.0 = Debug|Any CPU
		{FBB91B6E-9669-405F-821E-1ABE0E50BC7F}.Release|Any CPU.ActiveCfg = Release|Any CPU
		{FBB91B6E-9669-405F-821E-1ABE0E50BC7F}.Release|Any CPU.Build.0 = Release|Any CPU
	EndGlobalSection
	GlobalSection(SolutionProperties) = preSolution
		HideSolutionNode = FALSE
	EndGlobalSection
	GlobalSection(ExtensibilityGlobals) = postSolution
		SolutionGuid = {F2C44BA0-77AA-4EE8-A95D-9D0E113FF23B}
	EndGlobalSection
EndGlobal
